
Microsoft Visual Studio Solution File, Format Version 12.00
Project("{FAE04EC0-301F-11D3-BF4B-00C04F79EFBC}") = "day15cs", "day15cs.csproj", "{C1B0A416-5CAD-4D90-AF50-F48922FFC85B}"
EndProject
Global
	GlobalSection(SolutionConfigurationPlatforms) = preSolution
		Debug|Any CPU = Debug|Any CPU
		Release|Any CPU = Release|Any CPU
	EndGlobalSection
	GlobalSection(ProjectConfigurationPlatforms) = postSolution
		{C1B0A416-5CAD-4D90-AF50-F48922FFC85B}.Debug|Any CPU.ActiveCfg = Debug|Any CPU
		{C1B0A416-5CAD-4D90-AF50-F48922FFC85B}.Debug|Any CPU.Build.0 = Debug|Any CPU
		{C1B0A416-5CAD-4D90-AF50-F48922FFC85B}.Release|Any CPU.ActiveCfg = Release|Any CPU
		{C1B0A416-5CAD-4D90-AF50-F48922FFC85B}.Release|Any CPU.Build.0 = Release|Any CPU
	EndGlobalSection
EndGlobal
