
Microsoft Visual Studio Solution File, Format Version 12.00
# Visual Studio Version 17
VisualStudioVersion = 17.0.31903.59
MinimumVisualStudioVersion = 10.0.40219.1
Project("{F2A71F9B-5D33-465A-A702-920D77279786}") = "pb006_fs", "pb006_fs.fsproj", "{FE15361F-3462-41DB-BD55-8A90C23DEB37}"
EndProject
Global
	GlobalSection(SolutionConfigurationPlatforms) = preSolution
		Debug|Any CPU = Debug|Any CPU
		Release|Any CPU = Release|Any CPU
	EndGlobalSection
	GlobalSection(ProjectConfigurationPlatforms) = postSolution
		{FE15361F-3462-41DB-BD55-8A90C23DEB37}.Debug|Any CPU.ActiveCfg = Debug|Any CPU
		{FE15361F-3462-41DB-BD55-8A90C23DEB37}.Debug|Any CPU.Build.0 = Debug|Any CPU
		{FE15361F-3462-41DB-BD55-8A90C23DEB37}.Release|Any CPU.ActiveCfg = Release|Any CPU
		{FE15361F-3462-41DB-BD55-8A90C23DEB37}.Release|Any CPU.Build.0 = Release|Any CPU
	EndGlobalSection
	GlobalSection(SolutionProperties) = preSolution
		HideSolutionNode = FALSE
	EndGlobalSection
	GlobalSection(ExtensibilityGlobals) = postSolution
		SolutionGuid = {05EE68AB-C896-4C56-AB44-12EF8B58F489}
	EndGlobalSection
EndGlobal
